
Microsoft Visual Studio Solution File, Format Version 12.00
# Visual Studio Version 17
VisualStudioVersion = 17.6.33712.159
MinimumVisualStudioVersion = 10.0.40219.1
Project("{9A19103F-16F7-4668-BE54-9A1E7A4F7556}") = "AntiForgeryExperience", "AntiForgeryExperience\AntiForgeryExperience.csproj", "{93A189B7-FF7F-4CBD-92B2-499A296D7265}"
EndProject
Global
	GlobalSection(SolutionConfigurationPlatforms) = preSolution
		Debug|Any CPU = Debug|Any CPU
		Release|Any CPU = Release|Any CPU
	EndGlobalSection
	GlobalSection(ProjectConfigurationPlatforms) = postSolution
		{93A189B7-FF7F-4CBD-92B2-499A296D7265}.Debug|Any CPU.ActiveCfg = Debug|Any CPU
		{93A189B7-FF7F-4CBD-92B2-499A296D7265}.Debug|Any CPU.Build.0 = Debug|Any CPU
		{93A189B7-FF7F-4CBD-92B2-499A296D7265}.Release|Any CPU.ActiveCfg = Release|Any CPU
		{93A189B7-FF7F-4CBD-92B2-499A296D7265}.Release|Any CPU.Build.0 = Release|Any CPU
	EndGlobalSection
	GlobalSection(SolutionProperties) = preSolution
		HideSolutionNode = FALSE
	EndGlobalSection
	GlobalSection(ExtensibilityGlobals) = postSolution
		SolutionGuid = {847C2071-8BF3-449F-A399-74AE069EB46D}
	EndGlobalSection
EndGlobal
